<?xml version="1.0" encoding="utf-8"?>
<Project ToolsVersion="4.0" xmlns="http://schemas.microsoft.com/developer/msbuild/2003">
  <ItemGroup>
    <Filter Include="src">
      <UniqueIdentifier>{3deb5f64-0f3c-4933-91b4-841951f7b515}</UniqueIdentifier>
    </Filter>
    <Filter Include="local_interfaces">
      <UniqueIdentifier>{87b4a000-b8ef-43ca-9c74-292fcd1b3271}</UniqueIdentifier>
    </Filter>
  </ItemGroup>
  <ItemGroup>
    <ClCompile Include="src\maps_package_definition.cpp">
      <Filter>src</Filter>
    </ClCompile>
    <ClCompile Include="src\maps_VisionBasedCommand.cpp">
      <Filter>src</Filter>
    </ClCompile>
  </ItemGroup>
  <ItemGroup>
    <ClInclude Include="local_interfaces\maps_VisionBasedCommand.h">
      <Filter>local_interfaces</Filter>
    </ClInclude>
  </ItemGroup>
</Project>