<?xml version="1.0" encoding="utf-8"?>
<Project ToolsVersion="4.0" xmlns="http://schemas.microsoft.com/developer/msbuild/2003">
  <ItemGroup>
    <Filter Include="src">
      <UniqueIdentifier>{f3fa003c-f71c-43e0-9dbf-cae3a95008be}</UniqueIdentifier>
    </Filter>
    <Filter Include="local_interfaces">
      <UniqueIdentifier>{82f6d3c3-74c3-4121-a423-c51efd082aa4}</UniqueIdentifier>
    </Filter>
  </ItemGroup>
  <ItemGroup>
    <ClCompile Include="src\maps_keyboard_4_wifibot.cpp">
      <Filter>src</Filter>
    </ClCompile>
    <ClCompile Include="src\maps_package_definition.cpp">
      <Filter>src</Filter>
    </ClCompile>
    <ClCompile Include="src\maps_wifibot_serial.cpp">
      <Filter>src</Filter>
    </ClCompile>
    <ClCompile Include="src\maps_wifibot_tcp_client.cpp">
      <Filter>src</Filter>
    </ClCompile>
    <ClCompile Include="src\maps_wifibot_tcp_server.cpp">
      <Filter>src</Filter>
    </ClCompile>
  </ItemGroup>
  <ItemGroup>
    <ClInclude Include="local_interfaces\maps_keyboard_4_wifibot.h">
      <Filter>local_interfaces</Filter>
    </ClInclude>
    <ClInclude Include="local_interfaces\maps_wifibot_serial.h">
      <Filter>local_interfaces</Filter>
    </ClInclude>
    <ClInclude Include="local_interfaces\maps_wifibot_tcp_client.h">
      <Filter>local_interfaces</Filter>
    </ClInclude>
    <ClInclude Include="local_interfaces\maps_wifibot_tcp_server.h">
      <Filter>local_interfaces</Filter>
    </ClInclude>
  </ItemGroup>
</Project>